
Microsoft Visual Studio Solution File, Format Version 12.00
# Visual Studio Version 16
VisualStudioVersion = 16.0.31624.102
MinimumVisualStudioVersion = 10.0.40219.1
Project("{FAE04EC0-301F-11D3-BF4B-00C04F79EFBC}") = "App4.Android", "App4\App4.Android\App4.Android.csproj", "{F27C9C99-4CFB-40E3-B867-1D1276D7BAE9}"
EndProject
Project("{FAE04EC0-301F-11D3-BF4B-00C04F79EFBC}") = "App4.iOS", "App4\App4.iOS\App4.iOS.csproj", "{DCBC2256-117E-4378-AFC1-8E7C006C28E8}"
EndProject
Project("{FAE04EC0-301F-11D3-BF4B-00C04F79EFBC}") = "App4", "App4\App4\App4.csproj", "{9F651F4A-18BF-48E6-BB2B-AB7FE13BA12F}"
EndProject
Global
	GlobalSection(SolutionConfigurationPlatforms) = preSolution
		Debug|Any CPU = Debug|Any CPU
		Debug|iPhone = Debug|iPhone
		Debug|iPhoneSimulator = Debug|iPhoneSimulator
		Release|Any CPU = Release|Any CPU
		Release|iPhone = Release|iPhone
		Release|iPhoneSimulator = Release|iPhoneSimulator
	EndGlobalSection
	GlobalSection(ProjectConfigurationPlatforms) = postSolution
		{F27C9C99-4CFB-40E3-B867-1D1276D7BAE9}.Debug|Any CPU.ActiveCfg = Debug|Any CPU
		{F27C9C99-4CFB-40E3-B867-1D1276D7BAE9}.Debug|Any CPU.Build.0 = Debug|Any CPU
		{F27C9C99-4CFB-40E3-B867-1D1276D7BAE9}.Debug|Any CPU.Deploy.0 = Debug|Any CPU
		{F27C9C99-4CFB-40E3-B867-1D1276D7BAE9}.Debug|iPhone.ActiveCfg = Debug|Any CPU
		{F27C9C99-4CFB-40E3-B867-1D1276D7BAE9}.Debug|iPhone.Build.0 = Debug|Any CPU
		{F27C9C99-4CFB-40E3-B867-1D1276D7BAE9}.Debug|iPhone.Deploy.0 = Debug|Any CPU
		{F27C9C99-4CFB-40E3-B867-1D1276D7BAE9}.Debug|iPhoneSimulator.ActiveCfg = Debug|Any CPU
		{F27C9C99-4CFB-40E3-B867-1D1276D7BAE9}.Debug|iPhoneSimulator.Build.0 = Debug|Any CPU
		{F27C9C99-4CFB-40E3-B867-1D1276D7BAE9}.Debug|iPhoneSimulator.Deploy.0 = Debug|Any CPU
		{F27C9C99-4CFB-40E3-B867-1D1276D7BAE9}.Release|Any CPU.ActiveCfg = Release|Any CPU
		{F27C9C99-4CFB-40E3-B867-1D1276D7BAE9}.Release|Any CPU.Build.0 = Release|Any CPU
		{F27C9C99-4CFB-40E3-B867-1D1276D7BAE9}.Release|Any CPU.Deploy.0 = Release|Any CPU
		{F27C9C99-4CFB-40E3-B867-1D1276D7BAE9}.Release|iPhone.ActiveCfg = Release|Any CPU
		{F27C9C99-4CFB-40E3-B867-1D1276D7BAE9}.Release|iPhone.Build.0 = Release|Any CPU
		{F27C9C99-4CFB-40E3-B867-1D1276D7BAE9}.Release|iPhone.Deploy.0 = Release|Any CPU
		{F27C9C99-4CFB-40E3-B867-1D1276D7BAE9}.Release|iPhoneSimulator.ActiveCfg = Release|Any CPU
		{F27C9C99-4CFB-40E3-B867-1D1276D7BAE9}.Release|iPhoneSimulator.Build.0 = Release|Any CPU
		{F27C9C99-4CFB-40E3-B867-1D1276D7BAE9}.Release|iPhoneSimulator.Deploy.0 = Release|Any CPU
		{DCBC2256-117E-4378-AFC1-8E7C006C28E8}.Debug|Any CPU.ActiveCfg = Debug|iPhone
		{DCBC2256-117E-4378-AFC1-8E7C006C28E8}.Debug|Any CPU.Build.0 = Debug|iPhone
		{DCBC2256-117E-4378-AFC1-8E7C006C28E8}.Debug|Any CPU.Deploy.0 = Debug|iPhone
		{DCBC2256-117E-4378-AFC1-8E7C006C28E8}.Debug|iPhone.ActiveCfg = Debug|iPhone
		{DCBC2256-117E-4378-AFC1-8E7C006C28E8}.Debug|iPhone.Build.0 = Debug|iPhone
		{DCBC2256-117E-4378-AFC1-8E7C006C28E8}.Debug|iPhone.Deploy.0 = Debug|iPhone
		{DCBC2256-117E-4378-AFC1-8E7C006C28E8}.Debug|iPhoneSimulator.ActiveCfg = Debug|iPhoneSimulator
		{DCBC2256-117E-4378-AFC1-8E7C006C28E8}.Debug|iPhoneSimulator.Build.0 = Debug|iPhoneSimulator
		{DCBC2256-117E-4378-AFC1-8E7C006C28E8}.Debug|iPhoneSimulator.Deploy.0 = Debug|iPhoneSimulator
		{DCBC2256-117E-4378-AFC1-8E7C006C28E8}.Release|Any CPU.ActiveCfg = Release|iPhoneSimulator
		{DCBC2256-117E-4378-AFC1-8E7C006C28E8}.Release|Any CPU.Build.0 = Release|iPhoneSimulator
		{DCBC2256-117E-4378-AFC1-8E7C006C28E8}.Release|Any CPU.Deploy.0 = Release|iPhoneSimulator
		{DCBC2256-117E-4378-AFC1-8E7C006C28E8}.Release|iPhone.ActiveCfg = Release|iPhone
		{DCBC2256-117E-4378-AFC1-8E7C006C28E8}.Release|iPhone.Build.0 = Release|iPhone
		{DCBC2256-117E-4378-AFC1-8E7C006C28E8}.Release|iPhone.Deploy.0 = Release|iPhone
		{DCBC2256-117E-4378-AFC1-8E7C006C28E8}.Release|iPhoneSimulator.ActiveCfg = Release|iPhoneSimulator
		{DCBC2256-117E-4378-AFC1-8E7C006C28E8}.Release|iPhoneSimulator.Build.0 = Release|iPhoneSimulator
		{DCBC2256-117E-4378-AFC1-8E7C006C28E8}.Release|iPhoneSimulator.Deploy.0 = Release|iPhoneSimulator
		{9F651F4A-18BF-48E6-BB2B-AB7FE13BA12F}.Debug|Any CPU.ActiveCfg = Debug|Any CPU
		{9F651F4A-18BF-48E6-BB2B-AB7FE13BA12F}.Debug|Any CPU.Build.0 = Debug|Any CPU
		{9F651F4A-18BF-48E6-BB2B-AB7FE13BA12F}.Debug|Any CPU.Deploy.0 = Debug|Any CPU
		{9F651F4A-18BF-48E6-BB2B-AB7FE13BA12F}.Debug|iPhone.ActiveCfg = Debug|Any CPU
		{9F651F4A-18BF-48E6-BB2B-AB7FE13BA12F}.Debug|iPhone.Build.0 = Debug|Any CPU
		{9F651F4A-18BF-48E6-BB2B-AB7FE13BA12F}.Debug|iPhone.Deploy.0 = Debug|Any CPU
		{9F651F4A-18BF-48E6-BB2B-AB7FE13BA12F}.Debug|iPhoneSimulator.ActiveCfg = Debug|Any CPU
		{9F651F4A-18BF-48E6-BB2B-AB7FE13BA12F}.Debug|iPhoneSimulator.Build.0 = Debug|Any CPU
		{9F651F4A-18BF-48E6-BB2B-AB7FE13BA12F}.Debug|iPhoneSimulator.Deploy.0 = Debug|Any CPU
		{9F651F4A-18BF-48E6-BB2B-AB7FE13BA12F}.Release|Any CPU.ActiveCfg = Release|Any CPU
		{9F651F4A-18BF-48E6-BB2B-AB7FE13BA12F}.Release|Any CPU.Build.0 = Release|Any CPU
		{9F651F4A-18BF-48E6-BB2B-AB7FE13BA12F}.Release|Any CPU.Deploy.0 = Release|Any CPU
		{9F651F4A-18BF-48E6-BB2B-AB7FE13BA12F}.Release|iPhone.ActiveCfg = Release|Any CPU
		{9F651F4A-18BF-48E6-BB2B-AB7FE13BA12F}.Release|iPhone.Build.0 = Release|Any CPU
		{9F651F4A-18BF-48E6-BB2B-AB7FE13BA12F}.Release|iPhone.Deploy.0 = Release|Any CPU
		{9F651F4A-18BF-48E6-BB2B-AB7FE13BA12F}.Release|iPhoneSimulator.ActiveCfg = Release|Any CPU
		{9F651F4A-18BF-48E6-BB2B-AB7FE13BA12F}.Release|iPhoneSimulator.Build.0 = Release|Any CPU
		{9F651F4A-18BF-48E6-BB2B-AB7FE13BA12F}.Release|iPhoneSimulator.Deploy.0 = Release|Any CPU
	EndGlobalSection
	GlobalSection(SolutionProperties) = preSolution
		HideSolutionNode = FALSE
	EndGlobalSection
	GlobalSection(ExtensibilityGlobals) = postSolution
		SolutionGuid = {7EA50EF5-497E-4C46-B530-C91829FA46AB}
	EndGlobalSection
EndGlobal
